# THIS IS AN AUTOGENERATED FILE. DO NOT EDIT THIS FILE DIRECTLY.
# yarn lockfile v1


"@vant/weapp@^1.0.3":
  version "1.0.3"
  resolved "https://registry.npm.taobao.org/@vant/weapp/download/@vant/weapp-1.0.3.tgz#1107d9c4742597bf7369140e97c4128583cfbab6"
  integrity sha1-EQfZxHQll79zaRQOl8QShYPPurY=
